<?xml version="1.0" encoding="utf-8"?>
<Project ToolsVersion="4.0" xmlns="http://schemas.microsoft.com/developer/msbuild/2003">
  <ItemGroup>
    <Filter Include="Header Files">
      <UniqueIdentifier>{93995380-89BD-4b04-88EB-625FBE52EBFB}</UniqueIdentifier>
      <Extensions>h;hh;hpp;hxx;hm;inl;inc;ipp;xsd</Extensions>
    </Filter>
    <Filter Include="Resource Files">
      <UniqueIdentifier>{67DA6AB6-F800-4c08-8B7A-83BB121AAD01}</UniqueIdentifier>
      <Extensions>rc;ico;cur;bmp;dlg;rc2;rct;bin;rgs;gif;jpg;jpeg;jpe;resx;tiff;tif;png;wav;mfcribbon-ms</Extensions>
    </Filter>
    <Filter Include="Source Files">
      <UniqueIdentifier>{4FC737F1-C7A5-4376-A066-2A32D752A2FF}</UniqueIdentifier>
      <Extensions>cpp;c;cc;cxx;def;odl;idl;hpj;bat;asm;asmx</Extensions>
    </Filter>
    <Filter Include="Source Files\patterns">
      <UniqueIdentifier>{15248a4d-07bb-4baf-ad89-22ff15b31e5a}</UniqueIdentifier>
    </Filter>
    <Filter Include="Source Files\patterns\adapter_expanded">
      <UniqueIdentifier>{fd454ab5-7e0f-4238-bc5c-7d08dd3a2f02}</UniqueIdentifier>
    </Filter>
    <Filter Include="Source Files\patterns\adapter_expanded\American">
      <UniqueIdentifier>{1fd63a90-d891-4239-8649-c499e215e68e}</UniqueIdentifier>
    </Filter>
    <Filter Include="Source Files\patterns\adapter_expanded\European">
      <UniqueIdentifier>{4791d5db-a7c6-4d28-9ec1-5ed993f3c22d}</UniqueIdentifier>
    </Filter>
  </ItemGroup>
  <ItemGroup>
    <ClCompile Include="command_with_undo.cpp">
      <Filter>Source Files\patterns</Filter>
    </ClCompile>
    <ClCompile Include="command_without_undo.cpp">
      <Filter>Source Files\patterns</Filter>
    </ClCompile>
    <ClCompile Include="crtp.cpp">
      <Filter>Source Files\patterns</Filter>
    </ClCompile>
    <ClCompile Include="observer_multi_thread.cpp">
      <Filter>Source Files\patterns</Filter>
    </ClCompile>
    <ClCompile Include="observer_single_thread.cpp">
      <Filter>Source Files\patterns</Filter>
    </ClCompile>
    <ClCompile Include="template.cpp">
      <Filter>Source Files\patterns</Filter>
    </ClCompile>
    <ClCompile Include="main.cpp">
      <Filter>Source Files</Filter>
    </ClCompile>
    <ClCompile Include="adapter.cpp">
      <Filter>Source Files\patterns\adapter_expanded</Filter>
    </ClCompile>
    <ClCompile Include="proxy.cpp">
      <Filter>Source Files\patterns</Filter>
    </ClCompile>
    <ClCompile Include="strategy.cpp">
      <Filter>Source Files\patterns</Filter>
    </ClCompile>
    <ClCompile Include="singleton.cpp">
      <Filter>Source Files\patterns</Filter>
    </ClCompile>
    <ClCompile Include="facade.cpp">
      <Filter>Source Files\patterns</Filter>
    </ClCompile>
    <ClCompile Include="decorator.cpp">
      <Filter>Source Files\patterns</Filter>
    </ClCompile>
    <ClCompile Include="bridge.cpp">
      <Filter>Source Files\patterns</Filter>
    </ClCompile>
    <ClCompile Include="null_object.cpp">
      <Filter>Source Files\patterns</Filter>
    </ClCompile>
  </ItemGroup>
  <ItemGroup>
    <ClInclude Include="AmericanPlug.h">
      <Filter>Source Files\patterns\adapter_expanded\American</Filter>
    </ClInclude>
    <ClInclude Include="IAmericanPlug.h">
      <Filter>Source Files\patterns\adapter_expanded\American</Filter>
    </ClInclude>
    <ClInclude Include="EuropeanPlug.h">
      <Filter>Source Files\patterns\adapter_expanded\European</Filter>
    </ClInclude>
    <ClInclude Include="IEuropeanPlug.h">
      <Filter>Source Files\patterns\adapter_expanded\European</Filter>
    </ClInclude>
    <ClInclude Include="WallOutlet.h">
      <Filter>Source Files\patterns\adapter_expanded</Filter>
    </ClInclude>
    <ClInclude Include="EuropeanPlugAdapter.h">
      <Filter>Source Files\patterns\adapter_expanded</Filter>
    </ClInclude>
  </ItemGroup>
</Project>